
Microsoft Visual Studio Solution File, Format Version 12.00
# Visual Studio 15
VisualStudioVersion = 15.0.27703.2000
MinimumVisualStudioVersion = 10.0.40219.1
Project("{FAE04EC0-301F-11D3-BF4B-00C04F79EFBC}") = "LeaderAnalytics.AdaptiveClient.Utilities", "LeaderAnalytics.AdaptiveClient.Utilities\LeaderAnalytics.AdaptiveClient.Utilities.csproj", "{317FA9C0-FB30-46C7-BE17-0C55A41C3DC5}"
EndProject
Global
	GlobalSection(SolutionConfigurationPlatforms) = preSolution
		Debug|Any CPU = Debug|Any CPU
		Release|Any CPU = Release|Any CPU
	EndGlobalSection
	GlobalSection(ProjectConfigurationPlatforms) = postSolution
		{317FA9C0-FB30-46C7-BE17-0C55A41C3DC5}.Debug|Any CPU.ActiveCfg = Debug|Any CPU
		{317FA9C0-FB30-46C7-BE17-0C55A41C3DC5}.Debug|Any CPU.Build.0 = Debug|Any CPU
		{317FA9C0-FB30-46C7-BE17-0C55A41C3DC5}.Release|Any CPU.ActiveCfg = Release|Any CPU
		{317FA9C0-FB30-46C7-BE17-0C55A41C3DC5}.Release|Any CPU.Build.0 = Release|Any CPU
	EndGlobalSection
	GlobalSection(SolutionProperties) = preSolution
		HideSolutionNode = FALSE
	EndGlobalSection
	GlobalSection(ExtensibilityGlobals) = postSolution
		SolutionGuid = {5F0FD051-748A-4530-9956-BA8694C3A138}
	EndGlobalSection
EndGlobal
